
Microsoft Visual Studio Solution File, Format Version 12.00
# Visual Studio Version 17
VisualStudioVersion = 17.14.36414.22 d17.14
MinimumVisualStudioVersion = 10.0.40219.1
Project("{FAE04EC0-301F-11D3-BF4B-00C04F79EFBC}") = "ProzesuakKudeatu", "ProzesuakKudeatu\ProzesuakKudeatu.csproj", "{C5C49196-8881-47C9-B714-D66313B22337}"
EndProject
Global
	GlobalSection(SolutionConfigurationPlatforms) = preSolution
		Debug|Any CPU = Debug|Any CPU
		Release|Any CPU = Release|Any CPU
	EndGlobalSection
	GlobalSection(ProjectConfigurationPlatforms) = postSolution
		{C5C49196-8881-47C9-B714-D66313B22337}.Debug|Any CPU.ActiveCfg = Debug|Any CPU
		{C5C49196-8881-47C9-B714-D66313B22337}.Debug|Any CPU.Build.0 = Debug|Any CPU
		{C5C49196-8881-47C9-B714-D66313B22337}.Release|Any CPU.ActiveCfg = Release|Any CPU
		{C5C49196-8881-47C9-B714-D66313B22337}.Release|Any CPU.Build.0 = Release|Any CPU
	EndGlobalSection
	GlobalSection(SolutionProperties) = preSolution
		HideSolutionNode = FALSE
	EndGlobalSection
	GlobalSection(ExtensibilityGlobals) = postSolution
		SolutionGuid = {B42142A4-BD92-4DEF-88F7-5C7B8E423E4A}
	EndGlobalSection
EndGlobal
