
Microsoft Visual Studio Solution File, Format Version 12.00
# Visual Studio Version 17
VisualStudioVersion = 17.14.36414.22 d17.14
MinimumVisualStudioVersion = 10.0.40219.1
Project("{FAE04EC0-301F-11D3-BF4B-00C04F79EFBC}") = "Eragiketak", "Eragiketak\Eragiketak.csproj", "{C6E13799-FD24-4036-9E6B-85CA40858679}"
EndProject
Global
	GlobalSection(SolutionConfigurationPlatforms) = preSolution
		Debug|Any CPU = Debug|Any CPU
		Release|Any CPU = Release|Any CPU
	EndGlobalSection
	GlobalSection(ProjectConfigurationPlatforms) = postSolution
		{C6E13799-FD24-4036-9E6B-85CA40858679}.Debug|Any CPU.ActiveCfg = Debug|Any CPU
		{C6E13799-FD24-4036-9E6B-85CA40858679}.Debug|Any CPU.Build.0 = Debug|Any CPU
		{C6E13799-FD24-4036-9E6B-85CA40858679}.Release|Any CPU.ActiveCfg = Release|Any CPU
		{C6E13799-FD24-4036-9E6B-85CA40858679}.Release|Any CPU.Build.0 = Release|Any CPU
	EndGlobalSection
	GlobalSection(SolutionProperties) = preSolution
		HideSolutionNode = FALSE
	EndGlobalSection
	GlobalSection(ExtensibilityGlobals) = postSolution
		SolutionGuid = {A738BD25-31EE-47D4-B532-5EA5FB7E85EC}
	EndGlobalSection
EndGlobal
